// !$*UTF8*$!
{
	archiveVersion = 1;
	classes = {
	};
	objectVersion = 46;
	objects = {

/* Begin PBXBuildFile section */
		6607138C1F0894350025F1B9 /* DataStuff.swift in Sources */ = {isa = PBXBuildFile; fileRef = 6607138B1F0894350025F1B9 /* DataStuff.swift */; };
		663B113F1E841753001B6C54 /* GoogleService-Info.plist in Resources */ = {isa = PBXBuildFile; fileRef = 663B113E1E841753001B6C54 /* GoogleService-Info.plist */; };
		663B11401E841758001B6C54 /* GoogleService-Info.plist in Resources */ = {isa = PBXBuildFile; fileRef = 663B113E1E841753001B6C54 /* GoogleService-Info.plist */; };
		663B11411E841759001B6C54 /* GoogleService-Info.plist in Resources */ = {isa = PBXBuildFile; fileRef = 663B113E1E841753001B6C54 /* GoogleService-Info.plist */; };
		66E448971F49E39C005A17E9 /* AuthViewController.swift in Sources */ = {isa = PBXBuildFile; fileRef = 66E448961F49E39C005A17E9 /* AuthViewController.swift */; };
		9003C20D1E6BB4B9003E484F /* EventPageCVCell.swift in Sources */ = {isa = PBXBuildFile; fileRef = 9003C20C1E6BB4B9003E484F /* EventPageCVCell.swift */; };
		9003C20F1E6BCF73003E484F /* imageViewController.swift in Sources */ = {isa = PBXBuildFile; fileRef = 9003C20E1E6BCF73003E484F /* imageViewController.swift */; };
		9028910C1E613EC000454BA2 /* AppDelegate.swift in Sources */ = {isa = PBXBuildFile; fileRef = 9028910B1E613EC000454BA2 /* AppDelegate.swift */; };
		9028910E1E613EC000454BA2 /* ViewController.swift in Sources */ = {isa = PBXBuildFile; fileRef = 9028910D1E613EC000454BA2 /* ViewController.swift */; };
		902891131E613EC000454BA2 /* Assets.xcassets in Resources */ = {isa = PBXBuildFile; fileRef = 902891121E613EC000454BA2 /* Assets.xcassets */; };
		902891161E613EC000454BA2 /* LaunchScreen.storyboard in Resources */ = {isa = PBXBuildFile; fileRef = 902891141E613EC000454BA2 /* LaunchScreen.storyboard */; };
		902891211E613EC000454BA2 /* EventCardsTests.swift in Sources */ = {isa = PBXBuildFile; fileRef = 902891201E613EC000454BA2 /* EventCardsTests.swift */; };
		9028912C1E613EC000454BA2 /* EventCardsUITests.swift in Sources */ = {isa = PBXBuildFile; fileRef = 9028912B1E613EC000454BA2 /* EventCardsUITests.swift */; };
		9028913A1E6140B900454BA2 /* CollectionViewCell.swift in Sources */ = {isa = PBXBuildFile; fileRef = 902891391E6140B900454BA2 /* CollectionViewCell.swift */; };
		9028913C1E6140E100454BA2 /* NewViewController.swift in Sources */ = {isa = PBXBuildFile; fileRef = 9028913B1E6140E100454BA2 /* NewViewController.swift */; };
		9036D1C11E67676F006E9A63 /* backTableVC.swift in Sources */ = {isa = PBXBuildFile; fileRef = 9036D1C01E67676F006E9A63 /* backTableVC.swift */; };
		9036D1C41E676F67006E9A63 /* SideBarTableViewCell.swift in Sources */ = {isa = PBXBuildFile; fileRef = 9036D1C21E676F67006E9A63 /* SideBarTableViewCell.swift */; };
		906BD3CF1F80A105005E1744 /* ApplyFilterCell.swift in Sources */ = {isa = PBXBuildFile; fileRef = 906BD3CE1F80A105005E1744 /* ApplyFilterCell.swift */; };
		907F48E01E777886000086A9 /* SavedEventsViewController.swift in Sources */ = {isa = PBXBuildFile; fileRef = 907F48DF1E777886000086A9 /* SavedEventsViewController.swift */; };
		907F48E21E777F93000086A9 /* SavedEventsCollectionViewCell.swift in Sources */ = {isa = PBXBuildFile; fileRef = 907F48E11E777F93000086A9 /* SavedEventsCollectionViewCell.swift */; };
		908A540A1F801CAB007F4B98 /* SWRevealViewController.m in Sources */ = {isa = PBXBuildFile; fileRef = 909BF3A81F801B4F0085D320 /* SWRevealViewController.m */; };
		90A1A9B51E652D8200527521 /* Main.storyboard in Resources */ = {isa = PBXBuildFile; fileRef = 90A1A9B31E652D8200527521 /* Main.storyboard */; };
		90A7E3751E6E583200F75701 /* MapViewController.swift in Sources */ = {isa = PBXBuildFile; fileRef = 90A7E3741E6E583200F75701 /* MapViewController.swift */; };
		90EE073A1E70B785007E7B6D /* EventClass.swift in Sources */ = {isa = PBXBuildFile; fileRef = 90EE07391E70B785007E7B6D /* EventClass.swift */; };
		9AD99423FD88D4230C811FE2 /* Pods_EventCardsTests.framework in Frameworks */ = {isa = PBXBuildFile; fileRef = 7B31B638D1FAC751D773B5EF /* Pods_EventCardsTests.framework */; };
		D8DEA9B2C17CAEE6204CC161 /* Pods_EventCards.framework in Frameworks */ = {isa = PBXBuildFile; fileRef = 9E2CF61D228E0C454D485175 /* Pods_EventCards.framework */; };
		FDC3ECDE05802F5014A0CD9F /* Pods_EventCardsUITests.framework in Frameworks */ = {isa = PBXBuildFile; fileRef = ADD62F99ED2FEF2CD6697323 /* Pods_EventCardsUITests.framework */; };
/* End PBXBuildFile section */

/* Begin PBXContainerItemProxy section */
		9028911D1E613EC000454BA2 /* PBXContainerItemProxy */ = {
			isa = PBXContainerItemProxy;
			containerPortal = 902891001E613EC000454BA2 /* Project object */;
			proxyType = 1;
			remoteGlobalIDString = 902891071E613EC000454BA2;
			remoteInfo = EventCards;
		};
		902891281E613EC000454BA2 /* PBXContainerItemProxy */ = {
			isa = PBXContainerItemProxy;
			containerPortal = 902891001E613EC000454BA2 /* Project object */;
			proxyType = 1;
			remoteGlobalIDString = 902891071E613EC000454BA2;
			remoteInfo = EventCards;
		};
/* End PBXContainerItemProxy section */

/* Begin PBXFileReference section */
		2A1ABC786FA5FBFA52C60218 /* Pods-EventCardsTests.debug.xcconfig */ = {isa = PBXFileReference; includeInIndex = 1; lastKnownFileType = text.xcconfig; name = "Pods-EventCardsTests.debug.xcconfig"; path = "Pods/Target Support Files/Pods-EventCardsTests/Pods-EventCardsTests.debug.xcconfig"; sourceTree = "<group>"; };
		45F2F8F2ED4847B91FD963C2 /* Pods-EventCardsUITests.release.xcconfig */ = {isa = PBXFileReference; includeInIndex = 1; lastKnownFileType = text.xcconfig; name = "Pods-EventCardsUITests.release.xcconfig"; path = "Pods/Target Support Files/Pods-EventCardsUITests/Pods-EventCardsUITests.release.xcconfig"; sourceTree = "<group>"; };
		61F8A884C092AFACC168F548 /* Pods-EventCardsUITests.debug.xcconfig */ = {isa = PBXFileReference; includeInIndex = 1; lastKnownFileType = text.xcconfig; name = "Pods-EventCardsUITests.debug.xcconfig"; path = "Pods/Target Support Files/Pods-EventCardsUITests/Pods-EventCardsUITests.debug.xcconfig"; sourceTree = "<group>"; };
		6607138B1F0894350025F1B9 /* DataStuff.swift */ = {isa = PBXFileReference; fileEncoding = 4; lastKnownFileType = sourcecode.swift; path = DataStuff.swift; sourceTree = "<group>"; };
		663B113E1E841753001B6C54 /* GoogleService-Info.plist */ = {isa = PBXFileReference; fileEncoding = 4; lastKnownFileType = text.plist.xml; path = "GoogleService-Info.plist"; sourceTree = "<group>"; };
		66E448961F49E39C005A17E9 /* AuthViewController.swift */ = {isa = PBXFileReference; fileEncoding = 4; lastKnownFileType = sourcecode.swift; path = AuthViewController.swift; sourceTree = "<group>"; };
		78116CB5459DE010F3EE19EA /* Pods-EventCardsTests.release.xcconfig */ = {isa = PBXFileReference; includeInIndex = 1; lastKnownFileType = text.xcconfig; name = "Pods-EventCardsTests.release.xcconfig"; path = "Pods/Target Support Files/Pods-EventCardsTests/Pods-EventCardsTests.release.xcconfig"; sourceTree = "<group>"; };
		7B31B638D1FAC751D773B5EF /* Pods_EventCardsTests.framework */ = {isa = PBXFileReference; explicitFileType = wrapper.framework; includeInIndex = 0; path = Pods_EventCardsTests.framework; sourceTree = BUILT_PRODUCTS_DIR; };
		7FAE93D25193B252D947B6FE /* Pods-EventCards.release.xcconfig */ = {isa = PBXFileReference; includeInIndex = 1; lastKnownFileType = text.xcconfig; name = "Pods-EventCards.release.xcconfig"; path = "Pods/Target Support Files/Pods-EventCards/Pods-EventCards.release.xcconfig"; sourceTree = "<group>"; };
		9003C20C1E6BB4B9003E484F /* EventPageCVCell.swift */ = {isa = PBXFileReference; fileEncoding = 4; lastKnownFileType = sourcecode.swift; path = EventPageCVCell.swift; sourceTree = "<group>"; };
		9003C20E1E6BCF73003E484F /* imageViewController.swift */ = {isa = PBXFileReference; fileEncoding = 4; lastKnownFileType = sourcecode.swift; path = imageViewController.swift; sourceTree = "<group>"; };
		902891081E613EC000454BA2 /* EventCards.app */ = {isa = PBXFileReference; explicitFileType = wrapper.application; includeInIndex = 0; path = EventCards.app; sourceTree = BUILT_PRODUCTS_DIR; };
		9028910B1E613EC000454BA2 /* AppDelegate.swift */ = {isa = PBXFileReference; lastKnownFileType = sourcecode.swift; path = AppDelegate.swift; sourceTree = "<group>"; };
		9028910D1E613EC000454BA2 /* ViewController.swift */ = {isa = PBXFileReference; lastKnownFileType = sourcecode.swift; path = ViewController.swift; sourceTree = "<group>"; };
		902891121E613EC000454BA2 /* Assets.xcassets */ = {isa = PBXFileReference; lastKnownFileType = folder.assetcatalog; path = Assets.xcassets; sourceTree = "<group>"; };
		902891151E613EC000454BA2 /* Base */ = {isa = PBXFileReference; lastKnownFileType = file.storyboard; name = Base; path = Base.lproj/LaunchScreen.storyboard; sourceTree = "<group>"; };
		902891171E613EC000454BA2 /* Info.plist */ = {isa = PBXFileReference; lastKnownFileType = text.plist.xml; path = Info.plist; sourceTree = "<group>"; };
		9028911C1E613EC000454BA2 /* EventCardsTests.xctest */ = {isa = PBXFileReference; explicitFileType = wrapper.cfbundle; includeInIndex = 0; path = EventCardsTests.xctest; sourceTree = BUILT_PRODUCTS_DIR; };
		902891201E613EC000454BA2 /* EventCardsTests.swift */ = {isa = PBXFileReference; lastKnownFileType = sourcecode.swift; path = EventCardsTests.swift; sourceTree = "<group>"; };
		902891221E613EC000454BA2 /* Info.plist */ = {isa = PBXFileReference; lastKnownFileType = text.plist.xml; path = Info.plist; sourceTree = "<group>"; };
		902891271E613EC000454BA2 /* EventCardsUITests.xctest */ = {isa = PBXFileReference; explicitFileType = wrapper.cfbundle; includeInIndex = 0; path = EventCardsUITests.xctest; sourceTree = BUILT_PRODUCTS_DIR; };
		9028912B1E613EC000454BA2 /* EventCardsUITests.swift */ = {isa = PBXFileReference; lastKnownFileType = sourcecode.swift; path = EventCardsUITests.swift; sourceTree = "<group>"; };
		9028912D1E613EC000454BA2 /* Info.plist */ = {isa = PBXFileReference; lastKnownFileType = text.plist.xml; path = Info.plist; sourceTree = "<group>"; };
		902891391E6140B900454BA2 /* CollectionViewCell.swift */ = {isa = PBXFileReference; fileEncoding = 4; lastKnownFileType = sourcecode.swift; name = CollectionViewCell.swift; path = ../CollectionViewCell.swift; sourceTree = "<group>"; };
		9028913B1E6140E100454BA2 /* NewViewController.swift */ = {isa = PBXFileReference; fileEncoding = 4; lastKnownFileType = sourcecode.swift; name = NewViewController.swift; path = ../NewViewController.swift; sourceTree = "<group>"; };
		9036D1BC1E675150006E9A63 /* EventCards-Bridging-Header.h */ = {isa = PBXFileReference; lastKnownFileType = sourcecode.c.h; path = "EventCards-Bridging-Header.h"; sourceTree = "<group>"; };
		9036D1C01E67676F006E9A63 /* backTableVC.swift */ = {isa = PBXFileReference; fileEncoding = 4; lastKnownFileType = sourcecode.swift; path = backTableVC.swift; sourceTree = "<group>"; };
		9036D1C21E676F67006E9A63 /* SideBarTableViewCell.swift */ = {isa = PBXFileReference; fileEncoding = 4; lastKnownFileType = sourcecode.swift; path = SideBarTableViewCell.swift; sourceTree = "<group>"; };
		906BD3CE1F80A105005E1744 /* ApplyFilterCell.swift */ = {isa = PBXFileReference; lastKnownFileType = sourcecode.swift; path = ApplyFilterCell.swift; sourceTree = "<group>"; };
		907F48DF1E777886000086A9 /* SavedEventsViewController.swift */ = {isa = PBXFileReference; fileEncoding = 4; lastKnownFileType = sourcecode.swift; path = SavedEventsViewController.swift; sourceTree = "<group>"; };
		907F48E11E777F93000086A9 /* SavedEventsCollectionViewCell.swift */ = {isa = PBXFileReference; fileEncoding = 4; lastKnownFileType = sourcecode.swift; path = SavedEventsCollectionViewCell.swift; sourceTree = "<group>"; };
		909BF3A71F801B4F0085D320 /* SWRevealViewController.h */ = {isa = PBXFileReference; lastKnownFileType = sourcecode.c.h; path = SWRevealViewController.h; sourceTree = "<group>"; };
		909BF3A81F801B4F0085D320 /* SWRevealViewController.m */ = {isa = PBXFileReference; lastKnownFileType = sourcecode.c.objc; path = SWRevealViewController.m; sourceTree = "<group>"; };
		90A1A9B41E652D8200527521 /* Base */ = {isa = PBXFileReference; lastKnownFileType = file.storyboard; name = Base; path = Base.lproj/Main.storyboard; sourceTree = "<group>"; };
		90A7E3741E6E583200F75701 /* MapViewController.swift */ = {isa = PBXFileReference; fileEncoding = 4; lastKnownFileType = sourcecode.swift; path = MapViewController.swift; sourceTree = "<group>"; };
		90EE07391E70B785007E7B6D /* EventClass.swift */ = {isa = PBXFileReference; fileEncoding = 4; lastKnownFileType = sourcecode.swift; path = EventClass.swift; sourceTree = "<group>"; };
		9E2CF61D228E0C454D485175 /* Pods_EventCards.framework */ = {isa = PBXFileReference; explicitFileType = wrapper.framework; includeInIndex = 0; path = Pods_EventCards.framework; sourceTree = BUILT_PRODUCTS_DIR; };
		ADD62F99ED2FEF2CD6697323 /* Pods_EventCardsUITests.framework */ = {isa = PBXFileReference; explicitFileType = wrapper.framework; includeInIndex = 0; path = Pods_EventCardsUITests.framework; sourceTree = BUILT_PRODUCTS_DIR; };
		EA47751FAB59E7C892F947F7 /* Pods-EventCards.debug.xcconfig */ = {isa = PBXFileReference; includeInIndex = 1; lastKnownFileType = text.xcconfig; name = "Pods-EventCards.debug.xcconfig"; path = "Pods/Target Support Files/Pods-EventCards/Pods-EventCards.debug.xcconfig"; sourceTree = "<group>"; };
/* End PBXFileReference section */

/* Begin PBXFrameworksBuildPhase section */
		902891051E613EC000454BA2 /* Frameworks */ = {
			isa = PBXFrameworksBuildPhase;
			buildActionMask = 2147483647;
			files = (
				D8DEA9B2C17CAEE6204CC161 /* Pods_EventCards.framework in Frameworks */,
			);
			runOnlyForDeploymentPostprocessing = 0;
		};
		902891191E613EC000454BA2 /* Frameworks */ = {
			isa = PBXFrameworksBuildPhase;
			buildActionMask = 2147483647;
			files = (
				9AD99423FD88D4230C811FE2 /* Pods_EventCardsTests.framework in Frameworks */,
			);
			runOnlyForDeploymentPostprocessing = 0;
		};
		902891241E613EC000454BA2 /* Frameworks */ = {
			isa = PBXFrameworksBuildPhase;
			buildActionMask = 2147483647;
			files = (
				FDC3ECDE05802F5014A0CD9F /* Pods_EventCardsUITests.framework in Frameworks */,
			);
			runOnlyForDeploymentPostprocessing = 0;
		};
/* End PBXFrameworksBuildPhase section */

/* Begin PBXGroup section */
		66EC04511F218B8C003EDFD7 /* Controllers */ = {
			isa = PBXGroup;
			children = (
				9028910D1E613EC000454BA2 /* ViewController.swift */,
				9028913B1E6140E100454BA2 /* NewViewController.swift */,
				907F48DF1E777886000086A9 /* SavedEventsViewController.swift */,
				90A7E3741E6E583200F75701 /* MapViewController.swift */,
				9003C20E1E6BCF73003E484F /* imageViewController.swift */,
				9036D1C01E67676F006E9A63 /* backTableVC.swift */,
				906BD3CE1F80A105005E1744 /* ApplyFilterCell.swift */,
				66E448961F49E39C005A17E9 /* AuthViewController.swift */,
				909BF3A71F801B4F0085D320 /* SWRevealViewController.h */,
				909BF3A81F801B4F0085D320 /* SWRevealViewController.m */,
			);
			name = Controllers;
			sourceTree = "<group>";
		};
		66EC04521F218C46003EDFD7 /* Layouts */ = {
			isa = PBXGroup;
			children = (
				90A1A9B31E652D8200527521 /* Main.storyboard */,
				902891141E613EC000454BA2 /* LaunchScreen.storyboard */,
			);
			name = Layouts;
			sourceTree = "<group>";
		};
		66EC04531F218D58003EDFD7 /* View Cells */ = {
			isa = PBXGroup;
			children = (
				902891391E6140B900454BA2 /* CollectionViewCell.swift */,
				907F48E11E777F93000086A9 /* SavedEventsCollectionViewCell.swift */,
				9003C20C1E6BB4B9003E484F /* EventPageCVCell.swift */,
				9036D1C21E676F67006E9A63 /* SideBarTableViewCell.swift */,
			);
			name = "View Cells";
			sourceTree = "<group>";
		};
		66EC04561F218E77003EDFD7 /* Classes */ = {
			isa = PBXGroup;
			children = (
				6607138B1F0894350025F1B9 /* DataStuff.swift */,
				90EE07391E70B785007E7B6D /* EventClass.swift */,
			);
			name = Classes;
			sourceTree = "<group>";
		};
		66EC04571F218E97003EDFD7 /* Support Stuff */ = {
			isa = PBXGroup;
			children = (
				9028910B1E613EC000454BA2 /* AppDelegate.swift */,
				663B113E1E841753001B6C54 /* GoogleService-Info.plist */,
				902891121E613EC000454BA2 /* Assets.xcassets */,
				902891171E613EC000454BA2 /* Info.plist */,
				9036D1BC1E675150006E9A63 /* EventCards-Bridging-Header.h */,
			);
			name = "Support Stuff";
			sourceTree = "<group>";
		};
		875C49D2151F815392DCBAF2 /* Pods */ = {
			isa = PBXGroup;
			children = (
				EA47751FAB59E7C892F947F7 /* Pods-EventCards.debug.xcconfig */,
				7FAE93D25193B252D947B6FE /* Pods-EventCards.release.xcconfig */,
				2A1ABC786FA5FBFA52C60218 /* Pods-EventCardsTests.debug.xcconfig */,
				78116CB5459DE010F3EE19EA /* Pods-EventCardsTests.release.xcconfig */,
				61F8A884C092AFACC168F548 /* Pods-EventCardsUITests.debug.xcconfig */,
				45F2F8F2ED4847B91FD963C2 /* Pods-EventCardsUITests.release.xcconfig */,
			);
			name = Pods;
			sourceTree = "<group>";
		};
		902890FF1E613EC000454BA2 = {
			isa = PBXGroup;
			children = (
				9028910A1E613EC000454BA2 /* EventCards */,
				9028911F1E613EC000454BA2 /* EventCardsTests */,
				9028912A1E613EC000454BA2 /* EventCardsUITests */,
				902891091E613EC000454BA2 /* Products */,
				875C49D2151F815392DCBAF2 /* Pods */,
				9AAFD133A8E98C07BD041EF9 /* Frameworks */,
			);
			sourceTree = "<group>";
		};
		902891091E613EC000454BA2 /* Products */ = {
			isa = PBXGroup;
			children = (
				902891081E613EC000454BA2 /* EventCards.app */,
				9028911C1E613EC000454BA2 /* EventCardsTests.xctest */,
				902891271E613EC000454BA2 /* EventCardsUITests.xctest */,
			);
			name = Products;
			sourceTree = "<group>";
		};
		9028910A1E613EC000454BA2 /* EventCards */ = {
			isa = PBXGroup;
			children = (
				66EC04561F218E77003EDFD7 /* Classes */,
				66EC04511F218B8C003EDFD7 /* Controllers */,
				66EC04531F218D58003EDFD7 /* View Cells */,
				66EC04521F218C46003EDFD7 /* Layouts */,
				66EC04571F218E97003EDFD7 /* Support Stuff */,
			);
			path = EventCards;
			sourceTree = "<group>";
		};
		9028911F1E613EC000454BA2 /* EventCardsTests */ = {
			isa = PBXGroup;
			children = (
				902891201E613EC000454BA2 /* EventCardsTests.swift */,
				902891221E613EC000454BA2 /* Info.plist */,
			);
			path = EventCardsTests;
			sourceTree = "<group>";
		};
		9028912A1E613EC000454BA2 /* EventCardsUITests */ = {
			isa = PBXGroup;
			children = (
				9028912B1E613EC000454BA2 /* EventCardsUITests.swift */,
				9028912D1E613EC000454BA2 /* Info.plist */,
			);
			path = EventCardsUITests;
			sourceTree = "<group>";
		};
		9AAFD133A8E98C07BD041EF9 /* Frameworks */ = {
			isa = PBXGroup;
			children = (
				9E2CF61D228E0C454D485175 /* Pods_EventCards.framework */,
				7B31B638D1FAC751D773B5EF /* Pods_EventCardsTests.framework */,
				ADD62F99ED2FEF2CD6697323 /* Pods_EventCardsUITests.framework */,
			);
			name = Frameworks;
			sourceTree = "<group>";
		};
/* End PBXGroup section */

/* Begin PBXNativeTarget section */
		902891071E613EC000454BA2 /* EventCards */ = {
			isa = PBXNativeTarget;
			buildConfigurationList = 902891301E613EC000454BA2 /* Build configuration list for PBXNativeTarget "EventCards" */;
			buildPhases = (
				07548349B86A7436BFF3A14A /* [CP] Check Pods Manifest.lock */,
				902891041E613EC000454BA2 /* Sources */,
				902891051E613EC000454BA2 /* Frameworks */,
				902891061E613EC000454BA2 /* Resources */,
				E72EAD2CA4CEAA5F17AB7411 /* [CP] Embed Pods Frameworks */,
				7CED66499AFAF810AA5B2F14 /* [CP] Copy Pods Resources */,
			);
			buildRules = (
			);
			dependencies = (
			);
			name = EventCards;
			productName = EventCards;
			productReference = 902891081E613EC000454BA2 /* EventCards.app */;
			productType = "com.apple.product-type.application";
		};
		9028911B1E613EC000454BA2 /* EventCardsTests */ = {
			isa = PBXNativeTarget;
			buildConfigurationList = 902891331E613EC000454BA2 /* Build configuration list for PBXNativeTarget "EventCardsTests" */;
			buildPhases = (
				587BF90AF35F118BC54B1FB1 /* [CP] Check Pods Manifest.lock */,
				902891181E613EC000454BA2 /* Sources */,
				902891191E613EC000454BA2 /* Frameworks */,
				9028911A1E613EC000454BA2 /* Resources */,
				040E0634B1065EC452AAF606 /* [CP] Embed Pods Frameworks */,
				6AD3F910001B63D72E9B465A /* [CP] Copy Pods Resources */,
			);
			buildRules = (
			);
			dependencies = (
				9028911E1E613EC000454BA2 /* PBXTargetDependency */,
			);
			name = EventCardsTests;
			productName = EventCardsTests;
			productReference = 9028911C1E613EC000454BA2 /* EventCardsTests.xctest */;
			productType = "com.apple.product-type.bundle.unit-test";
		};
		902891261E613EC000454BA2 /* EventCardsUITests */ = {
			isa = PBXNativeTarget;
			buildConfigurationList = 902891361E613EC000454BA2 /* Build configuration list for PBXNativeTarget "EventCardsUITests" */;
			buildPhases = (
				F2450B158E7048C025425391 /* [CP] Check Pods Manifest.lock */,
				902891231E613EC000454BA2 /* Sources */,
				902891241E613EC000454BA2 /* Frameworks */,
				902891251E613EC000454BA2 /* Resources */,
				EAEE5203B764B15AC6C75C02 /* [CP] Embed Pods Frameworks */,
				E0A029A5AE9667382EB929A9 /* [CP] Copy Pods Resources */,
			);
			buildRules = (
			);
			dependencies = (
				902891291E613EC000454BA2 /* PBXTargetDependency */,
			);
			name = EventCardsUITests;
			productName = EventCardsUITests;
			productReference = 902891271E613EC000454BA2 /* EventCardsUITests.xctest */;
			productType = "com.apple.product-type.bundle.ui-testing";
		};
/* End PBXNativeTarget section */

/* Begin PBXProject section */
		902891001E613EC000454BA2 /* Project object */ = {
			isa = PBXProject;
			attributes = {
				LastSwiftUpdateCheck = 0820;
				LastUpgradeCheck = 0900;
				ORGANIZATIONNAME = "Aggie Coding Club";
				TargetAttributes = {
					902891071E613EC000454BA2 = {
						CreatedOnToolsVersion = 8.2;
						DevelopmentTeam = 764FG2R9VZ;
						LastSwiftMigration = 0820;
						ProvisioningStyle = Automatic;
					};
					9028911B1E613EC000454BA2 = {
						CreatedOnToolsVersion = 8.2;
						ProvisioningStyle = Automatic;
						TestTargetID = 902891071E613EC000454BA2;
					};
					902891261E613EC000454BA2 = {
						CreatedOnToolsVersion = 8.2;
						ProvisioningStyle = Automatic;
						TestTargetID = 902891071E613EC000454BA2;
					};
				};
			};
			buildConfigurationList = 902891031E613EC000454BA2 /* Build configuration list for PBXProject "EventCards" */;
			compatibilityVersion = "Xcode 3.2";
			developmentRegion = English;
			hasScannedForEncodings = 0;
			knownRegions = (
				en,
				Base,
			);
			mainGroup = 902890FF1E613EC000454BA2;
			productRefGroup = 902891091E613EC000454BA2 /* Products */;
			projectDirPath = "";
			projectRoot = "";
			targets = (
				902891071E613EC000454BA2 /* EventCards */,
				9028911B1E613EC000454BA2 /* EventCardsTests */,
				902891261E613EC000454BA2 /* EventCardsUITests */,
			);
		};
/* End PBXProject section */

/* Begin PBXResourcesBuildPhase section */
		902891061E613EC000454BA2 /* Resources */ = {
			isa = PBXResourcesBuildPhase;
			buildActionMask = 2147483647;
			files = (
				90A1A9B51E652D8200527521 /* Main.storyboard in Resources */,
				902891161E613EC000454BA2 /* LaunchScreen.storyboard in Resources */,
				663B113F1E841753001B6C54 /* GoogleService-Info.plist in Resources */,
				902891131E613EC000454BA2 /* Assets.xcassets in Resources */,
			);
			runOnlyForDeploymentPostprocessing = 0;
		};
		9028911A1E613EC000454BA2 /* Resources */ = {
			isa = PBXResourcesBuildPhase;
			buildActionMask = 2147483647;
			files = (
				663B11401E841758001B6C54 /* GoogleService-Info.plist in Resources */,
			);
			runOnlyForDeploymentPostprocessing = 0;
		};
		902891251E613EC000454BA2 /* Resources */ = {
			isa = PBXResourcesBuildPhase;
			buildActionMask = 2147483647;
			files = (
				663B11411E841759001B6C54 /* GoogleService-Info.plist in Resources */,
			);
			runOnlyForDeploymentPostprocessing = 0;
		};
/* End PBXResourcesBuildPhase section */

/* Begin PBXShellScriptBuildPhase section */
		040E0634B1065EC452AAF606 /* [CP] Embed Pods Frameworks */ = {
			isa = PBXShellScriptBuildPhase;
			buildActionMask = 2147483647;
			files = (
			);
			inputPaths = (
			);
			name = "[CP] Embed Pods Frameworks";
			outputPaths = (
			);
			runOnlyForDeploymentPostprocessing = 0;
			shellPath = /bin/sh;
			shellScript = "\"${SRCROOT}/Pods/Target Support Files/Pods-EventCardsTests/Pods-EventCardsTests-frameworks.sh\"\n";
			showEnvVarsInLog = 0;
		};
		07548349B86A7436BFF3A14A /* [CP] Check Pods Manifest.lock */ = {
			isa = PBXShellScriptBuildPhase;
			buildActionMask = 2147483647;
			files = (
			);
			inputPaths = (
				"${PODS_PODFILE_DIR_PATH}/Podfile.lock",
				"${PODS_ROOT}/Manifest.lock",
			);
			name = "[CP] Check Pods Manifest.lock";
			outputPaths = (
				"$(DERIVED_FILE_DIR)/Pods-EventCards-checkManifestLockResult.txt",
			);
			runOnlyForDeploymentPostprocessing = 0;
			shellPath = /bin/sh;
			shellScript = "diff \"${PODS_PODFILE_DIR_PATH}/Podfile.lock\" \"${PODS_ROOT}/Manifest.lock\" > /dev/null\nif [ $? != 0 ] ; then\n    # print error to STDERR\n    echo \"error: The sandbox is not in sync with the Podfile.lock. Run 'pod install' or update your CocoaPods installation.\" >&2\n    exit 1\nfi\n# This output is used by Xcode 'outputs' to avoid re-running this script phase.\necho \"SUCCESS\" > \"${SCRIPT_OUTPUT_FILE_0}\"\n";
			showEnvVarsInLog = 0;
		};
		587BF90AF35F118BC54B1FB1 /* [CP] Check Pods Manifest.lock */ = {
			isa = PBXShellScriptBuildPhase;
			buildActionMask = 2147483647;
			files = (
			);
			inputPaths = (
				"${PODS_PODFILE_DIR_PATH}/Podfile.lock",
				"${PODS_ROOT}/Manifest.lock",
			);
			name = "[CP] Check Pods Manifest.lock";
			outputPaths = (
				"$(DERIVED_FILE_DIR)/Pods-EventCardsTests-checkManifestLockResult.txt",
			);
			runOnlyForDeploymentPostprocessing = 0;
			shellPath = /bin/sh;
			shellScript = "diff \"${PODS_PODFILE_DIR_PATH}/Podfile.lock\" \"${PODS_ROOT}/Manifest.lock\" > /dev/null\nif [ $? != 0 ] ; then\n    # print error to STDERR\n    echo \"error: The sandbox is not in sync with the Podfile.lock. Run 'pod install' or update your CocoaPods installation.\" >&2\n    exit 1\nfi\n# This output is used by Xcode 'outputs' to avoid re-running this script phase.\necho \"SUCCESS\" > \"${SCRIPT_OUTPUT_FILE_0}\"\n";
			showEnvVarsInLog = 0;
		};
		6AD3F910001B63D72E9B465A /* [CP] Copy Pods Resources */ = {
			isa = PBXShellScriptBuildPhase;
			buildActionMask = 2147483647;
			files = (
			);
			inputPaths = (
			);
			name = "[CP] Copy Pods Resources";
			outputPaths = (
			);
			runOnlyForDeploymentPostprocessing = 0;
			shellPath = /bin/sh;
			shellScript = "\"${SRCROOT}/Pods/Target Support Files/Pods-EventCardsTests/Pods-EventCardsTests-resources.sh\"\n";
			showEnvVarsInLog = 0;
		};
		7CED66499AFAF810AA5B2F14 /* [CP] Copy Pods Resources */ = {
			isa = PBXShellScriptBuildPhase;
			buildActionMask = 2147483647;
			files = (
			);
			inputPaths = (
				"${SRCROOT}/Pods/Target Support Files/Pods-EventCards/Pods-EventCards-resources.sh",
				"${PODS_ROOT}/GoogleSignIn/Resources/GoogleSignIn.bundle",
			);
			name = "[CP] Copy Pods Resources";
			outputPaths = (
				"${TARGET_BUILD_DIR}/${UNLOCALIZED_RESOURCES_FOLDER_PATH}",
			);
			runOnlyForDeploymentPostprocessing = 0;
			shellPath = /bin/sh;
			shellScript = "\"${SRCROOT}/Pods/Target Support Files/Pods-EventCards/Pods-EventCards-resources.sh\"\n";
			showEnvVarsInLog = 0;
		};
		E0A029A5AE9667382EB929A9 /* [CP] Copy Pods Resources */ = {
			isa = PBXShellScriptBuildPhase;
			buildActionMask = 2147483647;
			files = (
			);
			inputPaths = (
			);
			name = "[CP] Copy Pods Resources";
			outputPaths = (
			);
			runOnlyForDeploymentPostprocessing = 0;
			shellPath = /bin/sh;
			shellScript = "\"${SRCROOT}/Pods/Target Support Files/Pods-EventCardsUITests/Pods-EventCardsUITests-resources.sh\"\n";
			showEnvVarsInLog = 0;
		};
		E72EAD2CA4CEAA5F17AB7411 /* [CP] Embed Pods Frameworks */ = {
			isa = PBXShellScriptBuildPhase;
			buildActionMask = 2147483647;
			files = (
			);
			inputPaths = (
				"${SRCROOT}/Pods/Target Support Files/Pods-EventCards/Pods-EventCards-frameworks.sh",
				"${BUILT_PRODUCTS_DIR}/GTMOAuth2/GTMOAuth2.framework",
				"${BUILT_PRODUCTS_DIR}/GTMSessionFetcher/GTMSessionFetcher.framework",
				"${BUILT_PRODUCTS_DIR}/GoogleToolboxForMac/GoogleToolboxForMac.framework",
				"${BUILT_PRODUCTS_DIR}/SDWebImage/SDWebImage.framework",
				"${BUILT_PRODUCTS_DIR}/leveldb-library/leveldb.framework",
				"${BUILT_PRODUCTS_DIR}/nanopb/nanopb.framework",
			);
			name = "[CP] Embed Pods Frameworks";
			outputPaths = (
				"${TARGET_BUILD_DIR}/${FRAMEWORKS_FOLDER_PATH}/GTMOAuth2.framework",
				"${TARGET_BUILD_DIR}/${FRAMEWORKS_FOLDER_PATH}/GTMSessionFetcher.framework",
				"${TARGET_BUILD_DIR}/${FRAMEWORKS_FOLDER_PATH}/GoogleToolboxForMac.framework",
				"${TARGET_BUILD_DIR}/${FRAMEWORKS_FOLDER_PATH}/SDWebImage.framework",
				"${TARGET_BUILD_DIR}/${FRAMEWORKS_FOLDER_PATH}/leveldb.framework",
				"${TARGET_BUILD_DIR}/${FRAMEWORKS_FOLDER_PATH}/nanopb.framework",
			);
			runOnlyForDeploymentPostprocessing = 0;
			shellPath = /bin/sh;
			shellScript = "\"${SRCROOT}/Pods/Target Support Files/Pods-EventCards/Pods-EventCards-frameworks.sh\"\n";
			showEnvVarsInLog = 0;
		};
		EAEE5203B764B15AC6C75C02 /* [CP] Embed Pods Frameworks */ = {
			isa = PBXShellScriptBuildPhase;
			buildActionMask = 2147483647;
			files = (
			);
			inputPaths = (
			);
			name = "[CP] Embed Pods Frameworks";
			outputPaths = (
			);
			runOnlyForDeploymentPostprocessing = 0;
			shellPath = /bin/sh;
			shellScript = "\"${SRCROOT}/Pods/Target Support Files/Pods-EventCardsUITests/Pods-EventCardsUITests-frameworks.sh\"\n";
			showEnvVarsInLog = 0;
		};
		F2450B158E7048C025425391 /* [CP] Check Pods Manifest.lock */ = {
			isa = PBXShellScriptBuildPhase;
			buildActionMask = 2147483647;
			files = (
			);
			inputPaths = (
				"${PODS_PODFILE_DIR_PATH}/Podfile.lock",
				"${PODS_ROOT}/Manifest.lock",
			);
			name = "[CP] Check Pods Manifest.lock";
			outputPaths = (
				"$(DERIVED_FILE_DIR)/Pods-EventCardsUITests-checkManifestLockResult.txt",
			);
			runOnlyForDeploymentPostprocessing = 0;
			shellPath = /bin/sh;
			shellScript = "diff \"${PODS_PODFILE_DIR_PATH}/Podfile.lock\" \"${PODS_ROOT}/Manifest.lock\" > /dev/null\nif [ $? != 0 ] ; then\n    # print error to STDERR\n    echo \"error: The sandbox is not in sync with the Podfile.lock. Run 'pod install' or update your CocoaPods installation.\" >&2\n    exit 1\nfi\n# This output is used by Xcode 'outputs' to avoid re-running this script phase.\necho \"SUCCESS\" > \"${SCRIPT_OUTPUT_FILE_0}\"\n";
			showEnvVarsInLog = 0;
		};
/* End PBXShellScriptBuildPhase section */

/* Begin PBXSourcesBuildPhase section */
		902891041E613EC000454BA2 /* Sources */ = {
			isa = PBXSourcesBuildPhase;
			buildActionMask = 2147483647;
			files = (
				90EE073A1E70B785007E7B6D /* EventClass.swift in Sources */,
				9003C20F1E6BCF73003E484F /* imageViewController.swift in Sources */,
				9003C20D1E6BB4B9003E484F /* EventPageCVCell.swift in Sources */,
				66E448971F49E39C005A17E9 /* AuthViewController.swift in Sources */,
				907F48E01E777886000086A9 /* SavedEventsViewController.swift in Sources */,
				9036D1C11E67676F006E9A63 /* backTableVC.swift in Sources */,
				90A7E3751E6E583200F75701 /* MapViewController.swift in Sources */,
				9028910E1E613EC000454BA2 /* ViewController.swift in Sources */,
				9028910C1E613EC000454BA2 /* AppDelegate.swift in Sources */,
				6607138C1F0894350025F1B9 /* DataStuff.swift in Sources */,
				908A540A1F801CAB007F4B98 /* SWRevealViewController.m in Sources */,
				907F48E21E777F93000086A9 /* SavedEventsCollectionViewCell.swift in Sources */,
				906BD3CF1F80A105005E1744 /* ApplyFilterCell.swift in Sources */,
				9028913A1E6140B900454BA2 /* CollectionViewCell.swift in Sources */,
				9036D1C41E676F67006E9A63 /* SideBarTableViewCell.swift in Sources */,
				9028913C1E6140E100454BA2 /* NewViewController.swift in Sources */,
			);
			runOnlyForDeploymentPostprocessing = 0;
		};
		902891181E613EC000454BA2 /* Sources */ = {
			isa = PBXSourcesBuildPhase;
			buildActionMask = 2147483647;
			files = (
				902891211E613EC000454BA2 /* EventCardsTests.swift in Sources */,
			);
			runOnlyForDeploymentPostprocessing = 0;
		};
		902891231E613EC000454BA2 /* Sources */ = {
			isa = PBXSourcesBuildPhase;
			buildActionMask = 2147483647;
			files = (
				9028912C1E613EC000454BA2 /* EventCardsUITests.swift in Sources */,
			);
			runOnlyForDeploymentPostprocessing = 0;
		};
/* End PBXSourcesBuildPhase section */

/* Begin PBXTargetDependency section */
		9028911E1E613EC000454BA2 /* PBXTargetDependency */ = {
			isa = PBXTargetDependency;
			target = 902891071E613EC000454BA2 /* EventCards */;
			targetProxy = 9028911D1E613EC000454BA2 /* PBXContainerItemProxy */;
		};
		902891291E613EC000454BA2 /* PBXTargetDependency */ = {
			isa = PBXTargetDependency;
			target = 902891071E613EC000454BA2 /* EventCards */;
			targetProxy = 902891281E613EC000454BA2 /* PBXContainerItemProxy */;
		};
/* End PBXTargetDependency section */

/* Begin PBXVariantGroup section */
		902891141E613EC000454BA2 /* LaunchScreen.storyboard */ = {
			isa = PBXVariantGroup;
			children = (
				902891151E613EC000454BA2 /* Base */,
			);
			name = LaunchScreen.storyboard;
			sourceTree = "<group>";
		};
		90A1A9B31E652D8200527521 /* Main.storyboard */ = {
			isa = PBXVariantGroup;
			children = (
				90A1A9B41E652D8200527521 /* Base */,
			);
			name = Main.storyboard;
			sourceTree = "<group>";
		};
/* End PBXVariantGroup section */

/* Begin XCBuildConfiguration section */
		9028912E1E613EC000454BA2 /* Debug */ = {
			isa = XCBuildConfiguration;
			buildSettings = {
				ALWAYS_SEARCH_USER_PATHS = NO;
				CLANG_ANALYZER_NONNULL = YES;
				CLANG_CXX_LANGUAGE_STANDARD = "gnu++0x";
				CLANG_CXX_LIBRARY = "libc++";
				CLANG_ENABLE_MODULES = YES;
				CLANG_ENABLE_OBJC_ARC = YES;
				CLANG_WARN_BLOCK_CAPTURE_AUTORELEASING = YES;
				CLANG_WARN_BOOL_CONVERSION = YES;
				CLANG_WARN_COMMA = YES;
				CLANG_WARN_CONSTANT_CONVERSION = YES;
				CLANG_WARN_DIRECT_OBJC_ISA_USAGE = YES_ERROR;
				CLANG_WARN_DOCUMENTATION_COMMENTS = YES;
				CLANG_WARN_EMPTY_BODY = YES;
				CLANG_WARN_ENUM_CONVERSION = YES;
				CLANG_WARN_INFINITE_RECURSION = YES;
				CLANG_WARN_INT_CONVERSION = YES;
				CLANG_WARN_NON_LITERAL_NULL_CONVERSION = YES;
				CLANG_WARN_OBJC_LITERAL_CONVERSION = YES;
				CLANG_WARN_OBJC_ROOT_CLASS = YES_ERROR;
				CLANG_WARN_RANGE_LOOP_ANALYSIS = YES;
				CLANG_WARN_STRICT_PROTOTYPES = YES;
				CLANG_WARN_SUSPICIOUS_MOVE = YES;
				CLANG_WARN_UNREACHABLE_CODE = YES;
				CLANG_WARN__DUPLICATE_METHOD_MATCH = YES;
				"CODE_SIGN_IDENTITY[sdk=iphoneos*]" = "iPhone Developer";
				COPY_PHASE_STRIP = NO;
				DEBUG_INFORMATION_FORMAT = dwarf;
				ENABLE_STRICT_OBJC_MSGSEND = YES;
				ENABLE_TESTABILITY = YES;
				GCC_C_LANGUAGE_STANDARD = gnu99;
				GCC_DYNAMIC_NO_PIC = NO;
				GCC_NO_COMMON_BLOCKS = YES;
				GCC_OPTIMIZATION_LEVEL = 0;
				GCC_PREPROCESSOR_DEFINITIONS = (
					"DEBUG=1",
					"$(inherited)",
				);
				GCC_WARN_64_TO_32_BIT_CONVERSION = YES;
				GCC_WARN_ABOUT_RETURN_TYPE = YES_ERROR;
				GCC_WARN_UNDECLARED_SELECTOR = YES;
				GCC_WARN_UNINITIALIZED_AUTOS = YES_AGGRESSIVE;
				GCC_WARN_UNUSED_FUNCTION = YES;
				GCC_WARN_UNUSED_VARIABLE = YES;
				IPHONEOS_DEPLOYMENT_TARGET = 10.2;
				MTL_ENABLE_DEBUG_INFO = YES;
				ONLY_ACTIVE_ARCH = YES;
				SDKROOT = iphoneos;
				SWIFT_ACTIVE_COMPILATION_CONDITIONS = DEBUG;
				SWIFT_OPTIMIZATION_LEVEL = "-Onone";
			};
			name = Debug;
		};
		9028912F1E613EC000454BA2 /* Release */ = {
			isa = XCBuildConfiguration;
			buildSettings = {
				ALWAYS_SEARCH_USER_PATHS = NO;
				CLANG_ANALYZER_NONNULL = YES;
				CLANG_CXX_LANGUAGE_STANDARD = "gnu++0x";
				CLANG_CXX_LIBRARY = "libc++";
				CLANG_ENABLE_MODULES = YES;
				CLANG_ENABLE_OBJC_ARC = YES;
				CLANG_WARN_BLOCK_CAPTURE_AUTORELEASING = YES;
				CLANG_WARN_BOOL_CONVERSION = YES;
				CLANG_WARN_COMMA = YES;
				CLANG_WARN_CONSTANT_CONVERSION = YES;
				CLANG_WARN_DIRECT_OBJC_ISA_USAGE = YES_ERROR;
				CLANG_WARN_DOCUMENTATION_COMMENTS = YES;
				CLANG_WARN_EMPTY_BODY = YES;
				CLANG_WARN_ENUM_CONVERSION = YES;
				CLANG_WARN_INFINITE_RECURSION = YES;
				CLANG_WARN_INT_CONVERSION = YES;
				CLANG_WARN_NON_LITERAL_NULL_CONVERSION = YES;
				CLANG_WARN_OBJC_LITERAL_CONVERSION = YES;
				CLANG_WARN_OBJC_ROOT_CLASS = YES_ERROR;
				CLANG_WARN_RANGE_LOOP_ANALYSIS = YES;
				CLANG_WARN_STRICT_PROTOTYPES = YES;
				CLANG_WARN_SUSPICIOUS_MOVE = YES;
				CLANG_WARN_UNREACHABLE_CODE = YES;
				CLANG_WARN__DUPLICATE_METHOD_MATCH = YES;
				"CODE_SIGN_IDENTITY[sdk=iphoneos*]" = "iPhone Developer";
				COPY_PHASE_STRIP = NO;
				DEBUG_INFORMATION_FORMAT = "dwarf-with-dsym";
				ENABLE_NS_ASSERTIONS = NO;
				ENABLE_STRICT_OBJC_MSGSEND = YES;
				GCC_C_LANGUAGE_STANDARD = gnu99;
				GCC_NO_COMMON_BLOCKS = YES;
				GCC_WARN_64_TO_32_BIT_CONVERSION = YES;
				GCC_WARN_ABOUT_RETURN_TYPE = YES_ERROR;
				GCC_WARN_UNDECLARED_SELECTOR = YES;
				GCC_WARN_UNINITIALIZED_AUTOS = YES_AGGRESSIVE;
				GCC_WARN_UNUSED_FUNCTION = YES;
				GCC_WARN_UNUSED_VARIABLE = YES;
				IPHONEOS_DEPLOYMENT_TARGET = 10.2;
				MTL_ENABLE_DEBUG_INFO = NO;
				SDKROOT = iphoneos;
				SWIFT_OPTIMIZATION_LEVEL = "-Owholemodule";
				VALIDATE_PRODUCT = YES;
			};
			name = Release;
		};
		902891311E613EC000454BA2 /* Debug */ = {
			isa = XCBuildConfiguration;
			baseConfigurationReference = EA47751FAB59E7C892F947F7 /* Pods-EventCards.debug.xcconfig */;
			buildSettings = {
				ASSETCATALOG_COMPILER_APPICON_NAME = AppIcon;
				CLANG_ENABLE_MODULES = YES;
				DEVELOPMENT_TEAM = 764FG2R9VZ;
				INFOPLIST_FILE = EventCards/Info.plist;
				LD_RUNPATH_SEARCH_PATHS = "$(inherited) @executable_path/Frameworks";
				PRODUCT_BUNDLE_IDENTIFIER = com.EventCards;
				PRODUCT_NAME = "$(TARGET_NAME)";
				SWIFT_OBJC_BRIDGING_HEADER = "EventCards/EventCards-Bridging-Header.h";
				SWIFT_OPTIMIZATION_LEVEL = "-Onone";
				SWIFT_VERSION = 3.0;
			};
			name = Debug;
		};
		902891321E613EC000454BA2 /* Release */ = {
			isa = XCBuildConfiguration;
			baseConfigurationReference = 7FAE93D25193B252D947B6FE /* Pods-EventCards.release.xcconfig */;
			buildSettings = {
				ASSETCATALOG_COMPILER_APPICON_NAME = AppIcon;
				CLANG_ENABLE_MODULES = YES;
				DEVELOPMENT_TEAM = 764FG2R9VZ;
				INFOPLIST_FILE = EventCards/Info.plist;
				LD_RUNPATH_SEARCH_PATHS = "$(inherited) @executable_path/Frameworks";
				PRODUCT_BUNDLE_IDENTIFIER = com.EventCards;
				PRODUCT_NAME = "$(TARGET_NAME)";
				SWIFT_OBJC_BRIDGING_HEADER = "EventCards/EventCards-Bridging-Header.h";
				SWIFT_VERSION = 3.0;
			};
			name = Release;
		};
		902891341E613EC000454BA2 /* Debug */ = {
			isa = XCBuildConfiguration;
			baseConfigurationReference = 2A1ABC786FA5FBFA52C60218 /* Pods-EventCardsTests.debug.xcconfig */;
			buildSettings = {
				ALWAYS_EMBED_SWIFT_STANDARD_LIBRARIES = YES;
				BUNDLE_LOADER = "$(TEST_HOST)";
				INFOPLIST_FILE = EventCardsTests/Info.plist;
				LD_RUNPATH_SEARCH_PATHS = "$(inherited) @executable_path/Frameworks @loader_path/Frameworks";
				PRODUCT_BUNDLE_IDENTIFIER = com.EventCardsTests;
				PRODUCT_NAME = "$(TARGET_NAME)";
				SWIFT_VERSION = 3.0;
				TEST_HOST = "$(BUILT_PRODUCTS_DIR)/EventCards.app/EventCards";
			};
			name = Debug;
		};
		902891351E613EC000454BA2 /* Release */ = {
			isa = XCBuildConfiguration;
			baseConfigurationReference = 78116CB5459DE010F3EE19EA /* Pods-EventCardsTests.release.xcconfig */;
			buildSettings = {
				ALWAYS_EMBED_SWIFT_STANDARD_LIBRARIES = YES;
				BUNDLE_LOADER = "$(TEST_HOST)";
				INFOPLIST_FILE = EventCardsTests/Info.plist;
				LD_RUNPATH_SEARCH_PATHS = "$(inherited) @executable_path/Frameworks @loader_path/Frameworks";
				PRODUCT_BUNDLE_IDENTIFIER = com.EventCardsTests;
				PRODUCT_NAME = "$(TARGET_NAME)";
				SWIFT_VERSION = 3.0;
				TEST_HOST = "$(BUILT_PRODUCTS_DIR)/EventCards.app/EventCards";
			};
			name = Release;
		};
		902891371E613EC000454BA2 /* Debug */ = {
			isa = XCBuildConfiguration;
			baseConfigurationReference = 61F8A884C092AFACC168F548 /* Pods-EventCardsUITests.debug.xcconfig */;
			buildSettings = {
				ALWAYS_EMBED_SWIFT_STANDARD_LIBRARIES = YES;
				INFOPLIST_FILE = EventCardsUITests/Info.plist;
				LD_RUNPATH_SEARCH_PATHS = "$(inherited) @executable_path/Frameworks @loader_path/Frameworks";
				PRODUCT_BUNDLE_IDENTIFIER = com.EventCardsUITests;
				PRODUCT_NAME = "$(TARGET_NAME)";
				SWIFT_VERSION = 3.0;
				TEST_TARGET_NAME = EventCards;
			};
			name = Debug;
		};
		902891381E613EC000454BA2 /* Release */ = {
			isa = XCBuildConfiguration;
			baseConfigurationReference = 45F2F8F2ED4847B91FD963C2 /* Pods-EventCardsUITests.release.xcconfig */;
			buildSettings = {
				ALWAYS_EMBED_SWIFT_STANDARD_LIBRARIES = YES;
				INFOPLIST_FILE = EventCardsUITests/Info.plist;
				LD_RUNPATH_SEARCH_PATHS = "$(inherited) @executable_path/Frameworks @loader_path/Frameworks";
				PRODUCT_BUNDLE_IDENTIFIER = com.EventCardsUITests;
				PRODUCT_NAME = "$(TARGET_NAME)";
				SWIFT_VERSION = 3.0;
				TEST_TARGET_NAME = EventCards;
			};
			name = Release;
		};
/* End XCBuildConfiguration section */

/* Begin XCConfigurationList section */
		902891031E613EC000454BA2 /* Build configuration list for PBXProject "EventCards" */ = {
			isa = XCConfigurationList;
			buildConfigurations = (
				9028912E1E613EC000454BA2 /* Debug */,
				9028912F1E613EC000454BA2 /* Release */,
			);
			defaultConfigurationIsVisible = 0;
			defaultConfigurationName = Release;
		};
		902891301E613EC000454BA2 /* Build configuration list for PBXNativeTarget "EventCards" */ = {
			isa = XCConfigurationList;
			buildConfigurations = (
				902891311E613EC000454BA2 /* Debug */,
				902891321E613EC000454BA2 /* Release */,
			);
			defaultConfigurationIsVisible = 0;
			defaultConfigurationName = Release;
		};
		902891331E613EC000454BA2 /* Build configuration list for PBXNativeTarget "EventCardsTests" */ = {
			isa = XCConfigurationList;
			buildConfigurations = (
				902891341E613EC000454BA2 /* Debug */,
				902891351E613EC000454BA2 /* Release */,
			);
			defaultConfigurationIsVisible = 0;
			defaultConfigurationName = Release;
		};
		902891361E613EC000454BA2 /* Build configuration list for PBXNativeTarget "EventCardsUITests" */ = {
			isa = XCConfigurationList;
			buildConfigurations = (
				902891371E613EC000454BA2 /* Debug */,
				902891381E613EC000454BA2 /* Release */,
			);
			defaultConfigurationIsVisible = 0;
			defaultConfigurationName = Release;
		};
/* End XCConfigurationList section */
	};
	rootObject = 902891001E613EC000454BA2 /* Project object */;
}
